
Microsoft Visual Studio Solution File, Format Version 12.00
# Visual Studio Version 17
VisualStudioVersion = 17.0.31903.59
MinimumVisualStudioVersion = 10.0.40219.1
Project("{2150E333-8FDC-42A3-9474-1A3956D46DE8}") = "src", "src", "{909B4685-B9A7-463A-B8F8-443C822BC373}"
EndProject
Project("{FAE04EC0-301F-11D3-BF4B-00C04F79EFBC}") = "SmsWithAlphanumericSender", "src\SmsWithAlphanumericSender\SmsWithAlphanumericSender.csproj", "{DDD55116-D970-4228-8896-79A00E9E4ED8}"
EndProject
Global
	GlobalSection(SolutionConfigurationPlatforms) = preSolution
		Debug|Any CPU = Debug|Any CPU
		Release|Any CPU = Release|Any CPU
	EndGlobalSection
	GlobalSection(SolutionProperties) = preSolution
		HideSolutionNode = FALSE
	EndGlobalSection
	GlobalSection(ProjectConfigurationPlatforms) = postSolution
		{DDD55116-D970-4228-8896-79A00E9E4ED8}.Debug|Any CPU.ActiveCfg = Debug|Any CPU
		{DDD55116-D970-4228-8896-79A00E9E4ED8}.Debug|Any CPU.Build.0 = Debug|Any CPU
		{DDD55116-D970-4228-8896-79A00E9E4ED8}.Release|Any CPU.ActiveCfg = Release|Any CPU
		{DDD55116-D970-4228-8896-79A00E9E4ED8}.Release|Any CPU.Build.0 = Release|Any CPU
	EndGlobalSection
	GlobalSection(NestedProjects) = preSolution
		{DDD55116-D970-4228-8896-79A00E9E4ED8} = {909B4685-B9A7-463A-B8F8-443C822BC373}
	EndGlobalSection
EndGlobal
